
Microsoft Visual Studio Solution File, Format Version 12.00
# Visual Studio Version 16
VisualStudioVersion = 16.0.30907.101
MinimumVisualStudioVersion = 10.0.40219.1
Project("{FAE04EC0-301F-11D3-BF4B-00C04F79EFBC}") = "TMS.Net07.Homework.2.DaysOfWeek", "TMS.Net07.Homework.2.DaysOfWeek\TMS.Net07.Homework.2.DaysOfWeek.csproj", "{C2B4AFF2-56E9-4492-BC11-868DDBE27A8D}"
EndProject
Global
	GlobalSection(SolutionConfigurationPlatforms) = preSolution
		Debug|Any CPU = Debug|Any CPU
		Release|Any CPU = Release|Any CPU
	EndGlobalSection
	GlobalSection(ProjectConfigurationPlatforms) = postSolution
		{C2B4AFF2-56E9-4492-BC11-868DDBE27A8D}.Debug|Any CPU.ActiveCfg = Debug|Any CPU
		{C2B4AFF2-56E9-4492-BC11-868DDBE27A8D}.Debug|Any CPU.Build.0 = Debug|Any CPU
		{C2B4AFF2-56E9-4492-BC11-868DDBE27A8D}.Release|Any CPU.ActiveCfg = Release|Any CPU
		{C2B4AFF2-56E9-4492-BC11-868DDBE27A8D}.Release|Any CPU.Build.0 = Release|Any CPU
	EndGlobalSection
	GlobalSection(SolutionProperties) = preSolution
		HideSolutionNode = FALSE
	EndGlobalSection
	GlobalSection(ExtensibilityGlobals) = postSolution
		SolutionGuid = {5F029BDA-0313-47A3-8970-0CA021619F46}
	EndGlobalSection
EndGlobal
